packages:
- package: calogica/dbt_date
  version: 0.10.0
- package: calogica/dbt_expectations
  version: 0.10.1
- package: Datavault-UK/automate_dv
  version: 0.10.1
- package: Snowflake-Labs/dbt_constraints
  version: 0.6.2
- package: brooklyn-data/dbt_artifacts
  version: 2.6.2
- package: dbt-labs/codegen
  version: 0.12.1
- package: dbt-labs/dbt_utils
  version: 1.1.1
- package: EqualExperts/dbt_unit_testing
  version: 0.3.4
sha1_hash: 5408e920a38ec958ef328fe05369900bc7caa495
